# This file is automatically @generated by Poetry 1.8.3 and should not be changed by hand.

[[package]]
name = "nodeenv"
version = "1.9.1"
description = "Node.js virtual environment builder"
optional = false
python-versions = "!=3.0.*,!=3.1.*,!=3.2.*,!=3.3.*,!=3.4.*,!=3.5.*,!=3.6.*,>=2.7"
files = [
    {file = "nodeenv-1.9.1-py2.py3-none-any.whl", hash = "sha256:ba11c9782d29c27c70ffbdda2d7415098754709be8a7056d79a737cd901155c9"},
    {file = "nodeenv-1.9.1.tar.gz", hash = "sha256:6ec12890a2dab7946721edbfbcd91f3319c6ccc9aec47be7c7e6b7011ee6645f"},
]

[[package]]
name = "pyright"
version = "1.1.382.post1"
description = "Command line wrapper for pyright"
optional = false
python-versions = ">=3.7"
files = [
    {file = "pyright-1.1.382.post1-py3-none-any.whl", hash = "sha256:21a4749dd1740e209f88d3a601e9f40748670d39481ea32b9d77edf7f3f1fb2e"},
    {file = "pyright-1.1.382.post1.tar.gz", hash = "sha256:66a5d4e83be9452853d73e9dd9e95ba0ac3061845270e4e331d0070a597d3445"},
]

[package.dependencies]
nodeenv = ">=1.6.0"
typing-extensions = ">=4.1"

[package.extras]
all = ["nodejs-wheel-binaries", "twine (>=3.4.1)"]
dev = ["twine (>=3.4.1)"]
nodejs = ["nodejs-wheel-binaries"]

[[package]]
name = "typing-extensions"
version = "4.12.2"
description = "Backported and Experimental Type Hints for Python 3.8+"
optional = false
python-versions = ">=3.8"
files = [
    {file = "typing_extensions-4.12.2-py3-none-any.whl", hash = "sha256:04e5ca0351e0f3f85c6853954072df659d0d13fac324d0072316b67d7794700d"},
    {file = "typing_extensions-4.12.2.tar.gz", hash = "sha256:1a7ead55c7e559dd4dee8856e3a88b41225abfe1ce8df57b7c13915fe121ffb8"},
]

[metadata]
lock-version = "2.0"
python-versions = "^3.10"
content-hash = "774a7af9882f504b32ddf679e2431e8f2583af52dafdc8864429ba113844dc2a"
